Microsoft Visual Studio Solution File, Format Version 11.00
# Visual Studio 2008

Project("{EAF5A851-2D5A-BF7C-928F-A382AC830A83}") = "Infinite Runner Prototype", "Assembly-CSharp-firstpass.csproj", "{4A04D8F6-F8BE-6E12-3AEB-19BE33F24D4F}"
EndProject
Project("{EAF5A851-2D5A-BF7C-928F-A382AC830A83}") = "Infinite Runner Prototype", "Assembly-CSharp.csproj", "{D00B6929-17F8-86BE-ECEC-34775B36B11F}"
EndProject
Project("{EAF5A851-2D5A-BF7C-928F-A382AC830A83}") = "Infinite Runner Prototype", "Assembly-CSharp-Editor.csproj", "{62829AF9-A05C-65DC-1C8D-5C296F1F3016}"
EndProject
Global
	GlobalSection(SolutionConfigurationPlatforms) = preSolution
		Debug|Any CPU = Debug|Any CPU
		Release|Any CPU = Release|Any CPU
	EndGlobalSection
	GlobalSection(ProjectConfigurationPlatforms) = postSolution
		{4A04D8F6-F8BE-6E12-3AEB-19BE33F24D4F}.Debug|Any CPU.ActiveCfg = Debug|Any CPU
		{4A04D8F6-F8BE-6E12-3AEB-19BE33F24D4F}.Debug|Any CPU.Build.0 = Debug|Any CPU
		{4A04D8F6-F8BE-6E12-3AEB-19BE33F24D4F}.Release|Any CPU.ActiveCfg = Release|Any CPU
		{4A04D8F6-F8BE-6E12-3AEB-19BE33F24D4F}.Release|Any CPU.Build.0 = Release|Any CPU
		{D00B6929-17F8-86BE-ECEC-34775B36B11F}.Debug|Any CPU.ActiveCfg = Debug|Any CPU
		{D00B6929-17F8-86BE-ECEC-34775B36B11F}.Debug|Any CPU.Build.0 = Debug|Any CPU
		{D00B6929-17F8-86BE-ECEC-34775B36B11F}.Release|Any CPU.ActiveCfg = Release|Any CPU
		{D00B6929-17F8-86BE-ECEC-34775B36B11F}.Release|Any CPU.Build.0 = Release|Any CPU
		{62829AF9-A05C-65DC-1C8D-5C296F1F3016}.Debug|Any CPU.ActiveCfg = Debug|Any CPU
		{62829AF9-A05C-65DC-1C8D-5C296F1F3016}.Debug|Any CPU.Build.0 = Debug|Any CPU
		{62829AF9-A05C-65DC-1C8D-5C296F1F3016}.Release|Any CPU.ActiveCfg = Release|Any CPU
		{62829AF9-A05C-65DC-1C8D-5C296F1F3016}.Release|Any CPU.Build.0 = Release|Any CPU
	EndGlobalSection
	GlobalSection(SolutionProperties) = preSolution
		HideSolutionNode = FALSE
	EndGlobalSection
																																		GlobalSection(MonoDevelopProperties) = preSolution
		StartupItem = Assembly-CSharp.csproj
		Policies = $0
		$0.TextStylePolicy = $1
		$1.inheritsSet = null
		$1.scope = text/x-csharp
		$0.CSharpFormattingPolicy = $2
		$2.inheritsSet = Mono
		$2.inheritsScope = text/x-csharp
		$2.scope = text/x-csharp
		$0.TextStylePolicy = $3
		$3.FileWidth = 120
		$3.TabWidth = 4
		$3.IndentWidth = 4
		$3.EolMarker = Unix
		$3.inheritsSet = Mono
		$3.inheritsScope = text/plain
		$3.scope = text/plain
	EndGlobalSection

EndGlobal
