
Microsoft Visual Studio Solution File, Format Version 12.00
# Visual Studio 2015
Project("{FAE04EC0-301F-11D3-BF4B-00C04F79EFBC}") = "Jogo2d.CSharp.Plugins", "Jogo2d.CSharp.Plugins.csproj", "{8CD58F86-CFFA-D692-A077-B02E1F94127B}"
EndProject
Project("{FAE04EC0-301F-11D3-BF4B-00C04F79EFBC}") = "Jogo2d.CSharp", "Jogo2d.CSharp.csproj", "{B939EA77-0518-EC98-295D-80B3CCF4D718}"
EndProject
Project("{FAE04EC0-301F-11D3-BF4B-00C04F79EFBC}") = "Jogo2d.CSharp.Editor", "Jogo2d.CSharp.Editor.csproj", "{778ECE79-CA78-4A63-B192-544924CD2C15}"
EndProject
Global
	GlobalSection(SolutionConfigurationPlatforms) = preSolution
		Debug|Any CPU = Debug|Any CPU
		Release|Any CPU = Release|Any CPU
	EndGlobalSection
	GlobalSection(ProjectConfigurationPlatforms) = postSolution
		{8CD58F86-CFFA-D692-A077-B02E1F94127B}.Debug|Any CPU.ActiveCfg = Debug|Any CPU
		{8CD58F86-CFFA-D692-A077-B02E1F94127B}.Debug|Any CPU.Build.0 = Debug|Any CPU
		{8CD58F86-CFFA-D692-A077-B02E1F94127B}.Release|Any CPU.ActiveCfg = Release|Any CPU
		{8CD58F86-CFFA-D692-A077-B02E1F94127B}.Release|Any CPU.Build.0 = Release|Any CPU
		{B939EA77-0518-EC98-295D-80B3CCF4D718}.Debug|Any CPU.ActiveCfg = Debug|Any CPU
		{B939EA77-0518-EC98-295D-80B3CCF4D718}.Debug|Any CPU.Build.0 = Debug|Any CPU
		{B939EA77-0518-EC98-295D-80B3CCF4D718}.Release|Any CPU.ActiveCfg = Release|Any CPU
		{B939EA77-0518-EC98-295D-80B3CCF4D718}.Release|Any CPU.Build.0 = Release|Any CPU
		{778ECE79-CA78-4A63-B192-544924CD2C15}.Debug|Any CPU.ActiveCfg = Debug|Any CPU
		{778ECE79-CA78-4A63-B192-544924CD2C15}.Debug|Any CPU.Build.0 = Debug|Any CPU
		{778ECE79-CA78-4A63-B192-544924CD2C15}.Release|Any CPU.ActiveCfg = Release|Any CPU
		{778ECE79-CA78-4A63-B192-544924CD2C15}.Release|Any CPU.Build.0 = Release|Any CPU
	EndGlobalSection
	GlobalSection(SolutionProperties) = preSolution
		HideSolutionNode = FALSE
	EndGlobalSection
EndGlobal
